
Microsoft Visual Studio Solution File, Format Version 12.00
# Visual Studio Version 16
VisualStudioVersion = 16.0.30804.86
MinimumVisualStudioVersion = 10.0.40219.1
Project("{9A19103F-16F7-4668-BE54-9A1E7A4F7556}") = "customerapi", "customerapi\customerapi.csproj", "{3671FB3C-2B06-4EB1-9544-7F2238397F59}"
EndProject
Project("{9A19103F-16F7-4668-BE54-9A1E7A4F7556}") = "messages", "..\..\gql-ms-messages\src\messages\messages.csproj", "{9B733E61-74EA-4DA7-BD28-AC47564C4434}"
EndProject
Global
	GlobalSection(SolutionConfigurationPlatforms) = preSolution
		Debug|Any CPU = Debug|Any CPU
		Release|Any CPU = Release|Any CPU
	EndGlobalSection
	GlobalSection(ProjectConfigurationPlatforms) = postSolution
		{3671FB3C-2B06-4EB1-9544-7F2238397F59}.Debug|Any CPU.ActiveCfg = Debug|Any CPU
		{3671FB3C-2B06-4EB1-9544-7F2238397F59}.Debug|Any CPU.Build.0 = Debug|Any CPU
		{3671FB3C-2B06-4EB1-9544-7F2238397F59}.Release|Any CPU.ActiveCfg = Release|Any CPU
		{3671FB3C-2B06-4EB1-9544-7F2238397F59}.Release|Any CPU.Build.0 = Release|Any CPU
		{9B733E61-74EA-4DA7-BD28-AC47564C4434}.Debug|Any CPU.ActiveCfg = Debug|Any CPU
		{9B733E61-74EA-4DA7-BD28-AC47564C4434}.Debug|Any CPU.Build.0 = Debug|Any CPU
		{9B733E61-74EA-4DA7-BD28-AC47564C4434}.Release|Any CPU.ActiveCfg = Release|Any CPU
		{9B733E61-74EA-4DA7-BD28-AC47564C4434}.Release|Any CPU.Build.0 = Release|Any CPU
	EndGlobalSection
	GlobalSection(SolutionProperties) = preSolution
		HideSolutionNode = FALSE
	EndGlobalSection
	GlobalSection(ExtensibilityGlobals) = postSolution
		SolutionGuid = {75EDAB12-BE02-4B16-B2F8-FC109243E51E}
	EndGlobalSection
EndGlobal
